
Microsoft Visual Studio Solution File, Format Version 12.00
# Visual Studio Version 17
VisualStudioVersion = 17.11.35327.3
MinimumVisualStudioVersion = 10.0.40219.1
Project("{FAE04EC0-301F-11D3-BF4B-00C04F79EFBC}") = "MovieMVC", "MovieMVC\MovieMVC.csproj", "{11BDAB5D-2531-40C1-AC72-77CED5778185}"
EndProject
Global
	GlobalSection(SolutionConfigurationPlatforms) = preSolution
		Debug|Any CPU = Debug|Any CPU
		Release|Any CPU = Release|Any CPU
	EndGlobalSection
	GlobalSection(ProjectConfigurationPlatforms) = postSolution
		{11BDAB5D-2531-40C1-AC72-77CED5778185}.Debug|Any CPU.ActiveCfg = Debug|Any CPU
		{11BDAB5D-2531-40C1-AC72-77CED5778185}.Debug|Any CPU.Build.0 = Debug|Any CPU
		{11BDAB5D-2531-40C1-AC72-77CED5778185}.Release|Any CPU.ActiveCfg = Release|Any CPU
		{11BDAB5D-2531-40C1-AC72-77CED5778185}.Release|Any CPU.Build.0 = Release|Any CPU
	EndGlobalSection
	GlobalSection(SolutionProperties) = preSolution
		HideSolutionNode = FALSE
	EndGlobalSection
	GlobalSection(ExtensibilityGlobals) = postSolution
		SolutionGuid = {CB71DFAA-4D2E-484D-B898-B1F705021B33}
	EndGlobalSection
EndGlobal
